name: Check lock files
on:
  push:
    branches:
      - dev
  pull_request:

concurrency:
  # PRs: cancel in-progress runs (only test latest)
  group: ${{ github.workflow }}-${{ github.event.pull_request.number || github.run_id }}
  cancel-in-progress: ${{ github.event_name == 'pull_request' }}

jobs:
  # Use dorny/paths-filter instead of on.paths so that skipped jobs report
  # as passed to branch protection, allowing docs-only PRs to merge.
  changes:
    runs-on: ubuntu-latest
    outputs:
      code: ${{ steps.filter.outputs.code }}
    steps:
      - uses: actions/checkout@9c091bb21b7c1c1d1991bb908d89e4e9dddfe3e0 # v7.0.0
      - uses: dorny/paths-filter@7b450fff21473bca461d4b92ce414b9d0420d706 # v4.0.2
        id: filter
        with:
          predicate-quantifier: 'every'
          filters: |
            code:
              - '**'
              - '!mkdocs.yml'
              - '!docs/**'
              - '!*.md'

  check_release_build-gdb:
    needs: changes
    if: needs.changes.outputs.code == 'true'
    strategy:
      fail-fast: false
      matrix:
        # https://docs.github.com/en/actions/using-github-hosted-runners/using-github-hosted-runners/about-github-hosted-runners#standard-github-hosted-runners-for-public-repositories
        os: [
            ubuntu-latest,  # x86_64-linux
            ubuntu-24.04-arm,  # aarch64-linux
            macos-15-intel,  # x86_64-darwin
            macos-15,  # aarch64-darwin
          ]
    runs-on: ${{ matrix.os }}
    timeout-minutes: 60
    steps:
      - uses: actions/checkout@9c091bb21b7c1c1d1991bb908d89e4e9dddfe3e0 # v7.0.0
      - uses: cachix/install-nix-action@8aa03977d8d733052d78f4e008a241fd1dbf36b3 # v31.10.6
        with:
          nix_path: nixpkgs=channel:nixos-unstable
      - name: configure cache
        if: github.ref == 'refs/heads/dev'
        uses: cachix/cachix-action@5f2d7c5294214f71b873db4b969586b980625e71 # v17
        with:
          name: pwndbg
          authToken: "${{ secrets.CACHIX_AUTH_TOKEN }}"
          signingKey: "${{ secrets.CACHIX_SIGNING_KEY }}"

      - name: build pwndbg
        run: nix build '.#pwndbg' --accept-flake-config -o result

      - name: simple run pwndbg
        run: TERM=xterm-256color ./result/bin/pwndbg <<< 'exit'

      - name: build develop environment
        run: nix develop --accept-flake-config

  check_release_build-lldb:
    needs: changes
    if: needs.changes.outputs.code == 'true'
    strategy:
      fail-fast: false
      matrix:
        # https://docs.github.com/en/actions/using-github-hosted-runners/using-github-hosted-runners/about-github-hosted-runners#standard-github-hosted-runners-for-public-repositories
        os: [
            ubuntu-latest, # x86_64-linux
            ubuntu-24.04-arm, # aarch64-linux
            macos-15-intel, # x86_64-darwin
            macos-15, # aarch64-darwin
          ]
    runs-on: ${{ matrix.os }}
    timeout-minutes: 60
    steps:
      - uses: actions/checkout@9c091bb21b7c1c1d1991bb908d89e4e9dddfe3e0 # v7.0.0
      - uses: cachix/install-nix-action@8aa03977d8d733052d78f4e008a241fd1dbf36b3 # v31.10.6
        with:
          nix_path: nixpkgs=channel:nixos-unstable
      - name: configure cache
        if: github.ref == 'refs/heads/dev'
        uses: cachix/cachix-action@5f2d7c5294214f71b873db4b969586b980625e71 # v17
        with:
          name: pwndbg
          authToken: "${{ secrets.CACHIX_AUTH_TOKEN }}"
          signingKey: "${{ secrets.CACHIX_SIGNING_KEY }}"

      - name: build pwndbg
        run: nix build '.#pwndbg-lldb' --accept-flake-config -o result

      - name: simple run pwndbg
        run: TERM=xterm-256color ./result/bin/pwndbg-lldb <<< 'exit'

      - name: build develop environment
        run: nix develop --accept-flake-config

  lock_flake:
    needs: changes
    if: needs.changes.outputs.code == 'true'
    runs-on: ubuntu-24.04-arm
    timeout-minutes: 60
    steps:
      - uses: actions/checkout@9c091bb21b7c1c1d1991bb908d89e4e9dddfe3e0 # v7.0.0
      - uses: cachix/install-nix-action@8aa03977d8d733052d78f4e008a241fd1dbf36b3 # v31.10.6
        with:
          nix_path: nixpkgs=channel:nixos-unstable

      - name: check flake.lock
        run: nix flake lock --no-update-lock-file

  lock_uv:
    needs: changes
    if: needs.changes.outputs.code == 'true'
    runs-on: ubuntu-24.04-arm
    timeout-minutes: 60
    steps:
      - uses: actions/checkout@9c091bb21b7c1c1d1991bb908d89e4e9dddfe3e0 # v7.0.0
      - uses: cachix/install-nix-action@8aa03977d8d733052d78f4e008a241fd1dbf36b3 # v31.10.6
        with:
          nix_path: nixpkgs=channel:nixos-unstable

      - name: install uv
        run: nix profile install --inputs-from . nixpkgs#uv

      - name: check uv.lock
        run: uv lock --locked
