name: Update Nix Flake Lock

on:
  schedule:
    # Every Monday at 03:00 UTC (before Python updates on Tuesday)
    - cron: "0 3 * * 1"
  workflow_dispatch:

permissions:
  contents: write
  pull-requests: write

jobs:
  update-flake-lock:
    runs-on: ubuntu-24.04-arm

    steps:
      - name: Checkout repository
        uses: actions/checkout@9c091bb21b7c1c1d1991bb908d89e4e9dddfe3e0 # v7.0.0

      - name: Install Nix
        uses: cachix/install-nix-action@8aa03977d8d733052d78f4e008a241fd1dbf36b3 # v31.10.6
        with:
          nix_path: nixpkgs=channel:nixos-unstable

      - name: Build derivation before update
        run: nix build .#devShells.aarch64-linux.default --accept-flake-config -o ./before-update

      - name: Update flake.lock
        run: nix flake update

      - name: Check for changes
        id: changes
        run: |
          if git diff --quiet flake.lock; then
            echo "changed=false" >> $GITHUB_OUTPUT
          else
            echo "changed=true" >> $GITHUB_OUTPUT
          fi

      - name: Build derivation after update
        if: steps.changes.outputs.changed == 'true'
        run: nix build .#devShells.aarch64-linux.default --accept-flake-config -o ./after-update

      - name: Install dix
        if: steps.changes.outputs.changed == 'true'
        run: nix profile install nixpkgs#dix

      - name: Generate diff
        if: steps.changes.outputs.changed == 'true'
        id: diff
        run: |
          echo "DIFF<<EOF" >> $GITHUB_OUTPUT
          dix ./before-update ./after-update >> $GITHUB_OUTPUT
          echo "EOF" >> $GITHUB_OUTPUT
          rm ./before-update
          rm ./after-update

      - name: Create Pull Request
        if: steps.changes.outputs.changed == 'true'
        uses: peter-evans/create-pull-request@5f6978faf089d4d20b00c7766989d076bb2fc7f1 # v8.1.1
        with:
          token: ${{ secrets.GITHUB_TOKEN }}
          commit-message: "chore(deps): update flake.lock"
          title: "chore(deps): update flake.lock"
          body: |
            Automated update of Nix flake.lock file.

            ## Changes

            ```
            ${{ steps.diff.outputs.DIFF }}
            ```

            This PR was created by the scheduled flake update workflow.
          branch: deps/flake-lock-update
          delete-branch: true
          labels: |
            dependencies
